github.com/reugn/go-quartz v0.6.0 h1:zxpwmyg6kG3lMDyP5L8Agrn+zckd2gKwIaaXNRGwo+g=
github.com/reugn/go-quartz v0.6.0/go.mod h1:no4ktgYbAAuY0E1SchR8cTx1LF4jYIzdgaQhzRPSkpk=
github.com/spf13/pflag v1.0.5 h1:iy+VFUOCP1a+8yFto/drg2CJ5u0yRoB7fZw3DKv/JXA=
github.com/spf13/pflag v1.0.5/go.mod h1:McXfInJRrz4CZXVZOBLb0bTZqETkiAhM9Iw0y3An2Bg=
